
Microsoft Visual Studio Solution File, Format Version 12.00
# Visual Studio Version 16
VisualStudioVersion = 16.0.32002.261
MinimumVisualStudioVersion = 10.0.40219.1
Project("{FAE04EC0-301F-11D3-BF4B-00C04F79EFBC}") = "DjistraAlgo", "DjistraAlgo.csproj", "{FC247A2E-CC74-41EF-A011-C2719905FC7E}"
EndProject
Global
	GlobalSection(SolutionConfigurationPlatforms) = preSolution
		Debug|Any CPU = Debug|Any CPU
		Release|Any CPU = Release|Any CPU
	EndGlobalSection
	GlobalSection(ProjectConfigurationPlatforms) = postSolution
		{FC247A2E-CC74-41EF-A011-C2719905FC7E}.Debug|Any CPU.ActiveCfg = Debug|Any CPU
		{FC247A2E-CC74-41EF-A011-C2719905FC7E}.Debug|Any CPU.Build.0 = Debug|Any CPU
		{FC247A2E-CC74-41EF-A011-C2719905FC7E}.Release|Any CPU.ActiveCfg = Release|Any CPU
		{FC247A2E-CC74-41EF-A011-C2719905FC7E}.Release|Any CPU.Build.0 = Release|Any CPU
	EndGlobalSection
	GlobalSection(SolutionProperties) = preSolution
		HideSolutionNode = FALSE
	EndGlobalSection
	GlobalSection(ExtensibilityGlobals) = postSolution
		SolutionGuid = {A73CA75C-BAF6-425B-B52C-6C19F7796E45}
	EndGlobalSection
EndGlobal
